// !$*UTF8*$!
{
	archiveVersion = 1;
	classes = {
	};
	objectVersion = 50;
	objects = {

/* Begin PBXBuildFile section */
		AAE887CB2226A8E2002638B4 /* AppDelegate.swift in Sources */ = {isa = PBXBuildFile; fileRef = AAE887CA2226A8E2002638B4 /* AppDelegate.swift */; };
		AAE887CD2226A8E2002638B4 /* ViewController.swift in Sources */ = {isa = PBXBuildFile; fileRef = AAE887CC2226A8E2002638B4 /* ViewController.swift */; };
		AAE887D02226A8E2002638B4 /* Main.storyboard in Resources */ = {isa = PBXBuildFile; fileRef = AAE887CE2226A8E2002638B4 /* Main.storyboard */; };
		AAE887D22226A8E4002638B4 /* Assets.xcassets in Resources */ = {isa = PBXBuildFile; fileRef = AAE887D12226A8E4002638B4 /* Assets.xcassets */; };
		AAE887D52226A8E4002638B4 /* LaunchScreen.storyboard in Resources */ = {isa = PBXBuildFile; fileRef = AAE887D32226A8E4002638B4 /* LaunchScreen.storyboard */; };
		AAE887DD2226A93B002638B4 /* BrowserViewColntroller.swift in Sources */ = {isa = PBXBuildFile; fileRef = AAE887DC2226A93B002638B4 /* BrowserViewColntroller.swift */; };
/* End PBXBuildFile section */

/* Begin PBXFileReference section */
		AAE887C72226A8E2002638B4 /* WebBrowsery.app */ = {isa = PBXFileReference; explicitFileType = wrapper.application; includeInIndex = 0; path = WebBrowsery.app; sourceTree = BUILT_PRODUCTS_DIR; };
		AAE887CA2226A8E2002638B4 /* AppDelegate.swift */ = {isa = PBXFileReference; lastKnownFileType = sourcecode.swift; path = AppDelegate.swift; sourceTree = "<group>"; };
		AAE887CC2226A8E2002638B4 /* ViewController.swift */ = {isa = PBXFileReference; lastKnownFileType = sourcecode.swift; path = ViewController.swift; sourceTree = "<group>"; };
		AAE887CF2226A8E2002638B4 /* Base */ = {isa = PBXFileReference; lastKnownFileType = file.storyboard; name = Base; path = Base.lproj/Main.storyboard; sourceTree = "<group>"; };
		AAE887D12226A8E4002638B4 /* Assets.xcassets */ = {isa = PBXFileReference; lastKnownFileType = folder.assetcatalog; path = Assets.xcassets; sourceTree = "<group>"; };
		AAE887D42226A8E4002638B4 /* Base */ = {isa = PBXFileReference; lastKnownFileType = file.storyboard; name = Base; path = Base.lproj/LaunchScreen.storyboard; sourceTree = "<group>"; };
		AAE887D62226A8E4002638B4 /* Info.plist */ = {isa = PBXFileReference; lastKnownFileType = text.plist.xml; path = Info.plist; sourceTree = "<group>"; };
		AAE887DC2226A93B002638B4 /* BrowserViewColntroller.swift */ = {isa = PBXFileReference; lastKnownFileType = sourcecode.swift; path = BrowserViewColntroller.swift; sourceTree = "<group>"; };
/* End PBXFileReference section */

/* Begin PBXFrameworksBuildPhase section */
		AAE887C42226A8E2002638B4 /* Frameworks */ = {
			isa = PBXFrameworksBuildPhase;
			buildActionMask = 2147483647;
			files = (
			);
			runOnlyForDeploymentPostprocessing = 0;
		};
/* End PBXFrameworksBuildPhase section */

/* Begin PBXGroup section */
		AAE887BE2226A8E2002638B4 = {
			isa = PBXGroup;
			children = (
				AAE887C92226A8E2002638B4 /* WebBrowsery */,
				AAE887C82226A8E2002638B4 /* Products */,
			);
			sourceTree = "<group>";
		};
		AAE887C82226A8E2002638B4 /* Products */ = {
			isa = PBXGroup;
			children = (
				AAE887C72226A8E2002638B4 /* WebBrowsery.app */,
			);
			name = Products;
			sourceTree = "<group>";
		};
		AAE887C92226A8E2002638B4 /* WebBrowsery */ = {
			isa = PBXGroup;
			children = (
				AAE887CA2226A8E2002638B4 /* AppDelegate.swift */,
				AAE887CC2226A8E2002638B4 /* ViewController.swift */,
				AAE887DC2226A93B002638B4 /* BrowserViewColntroller.swift */,
				AAE887CE2226A8E2002638B4 /* Main.storyboard */,
				AAE887D12226A8E4002638B4 /* Assets.xcassets */,
				AAE887D32226A8E4002638B4 /* LaunchScreen.storyboard */,
				AAE887D62226A8E4002638B4 /* Info.plist */,
			);
			path = WebBrowsery;
			sourceTree = "<group>";
		};
/* End PBXGroup section */

/* Begin PBXNativeTarget section */
		AAE887C62226A8E2002638B4 /* WebBrowsery */ = {
			isa = PBXNativeTarget;
			buildConfigurationList = AAE887D92226A8E4002638B4 /* Build configuration list for PBXNativeTarget "WebBrowsery" */;
			buildPhases = (
				AAE887C32226A8E2002638B4 /* Sources */,
				AAE887C42226A8E2002638B4 /* Frameworks */,
				AAE887C52226A8E2002638B4 /* Resources */,
			);
			buildRules = (
			);
			dependencies = (
			);
			name = WebBrowsery;
			productName = WebBrowsery;
			productReference = AAE887C72226A8E2002638B4 /* WebBrowsery.app */;
			productType = "com.apple.product-type.application";
		};
/* End PBXNativeTarget section */

/* Begin PBXProject section */
		AAE887BF2226A8E2002638B4 /* Project object */ = {
			isa = PBXProject;
			attributes = {
				LastSwiftUpdateCheck = 1010;
				LastUpgradeCheck = 1010;
				ORGANIZATIONNAME = "Stefan Milenkovic";
				TargetAttributes = {
					AAE887C62226A8E2002638B4 = {
						CreatedOnToolsVersion = 10.1;
					};
				};
			};
			buildConfigurationList = AAE887C22226A8E2002638B4 /* Build configuration list for PBXProject "WebBrowsery" */;
			compatibilityVersion = "Xcode 9.3";
			developmentRegion = en;
			hasScannedForEncodings = 0;
			knownRegions = (
				en,
				Base,
			);
			mainGroup = AAE887BE2226A8E2002638B4;
			productRefGroup = AAE887C82226A8E2002638B4 /* Products */;
			projectDirPath = "";
			projectRoot = "";
			targets = (
				AAE887C62226A8E2002638B4 /* WebBrowsery */,
			);
		};
/* End PBXProject section */

/* Begin PBXResourcesBuildPhase section */
		AAE887C52226A8E2002638B4 /* Resources */ = {
			isa = PBXResourcesBuildPhase;
			buildActionMask = 2147483647;
			files = (
				AAE887D52226A8E4002638B4 /* LaunchScreen.storyboard in Resources */,
				AAE887D22226A8E4002638B4 /* Assets.xcassets in Resources */,
				AAE887D02226A8E2002638B4 /* Main.storyboard in Resources */,
			);
			runOnlyForDeploymentPostprocessing = 0;
		};
/* End PBXResourcesBuildPhase section */

/* Begin PBXSourcesBuildPhase section */
		AAE887C32226A8E2002638B4 /* Sources */ = {
			isa = PBXSourcesBuildPhase;
			buildActionMask = 2147483647;
			files = (
				AAE887DD2226A93B002638B4 /* BrowserViewColntroller.swift in Sources */,
				AAE887CD2226A8E2002638B4 /* ViewController.swift in Sources */,
				AAE887CB2226A8E2002638B4 /* AppDelegate.swift in Sources */,
			);
			runOnlyForDeploymentPostprocessing = 0;
		};
/* End PBXSourcesBuildPhase section */

/* Begin PBXVariantGroup section */
		AAE887CE2226A8E2002638B4 /* Main.storyboard */ = {
			isa = PBXVariantGroup;
			children = (
				AAE887CF2226A8E2002638B4 /* Base */,
			);
			name = Main.storyboard;
			sourceTree = "<group>";
		};
		AAE887D32226A8E4002638B4 /* LaunchScreen.storyboard */ = {
			isa = PBXVariantGroup;
			children = (
				AAE887D42226A8E4002638B4 /* Base */,
			);
			name = LaunchScreen.storyboard;
			sourceTree = "<group>";
		};
/* End PBXVariantGroup section */

/* Begin XCBuildConfiguration section */
		AAE887D72226A8E4002638B4 /* Debug */ = {
			isa = XCBuildConfiguration;
			buildSettings = {
				ALWAYS_SEARCH_USER_PATHS = NO;
				CLANG_ANALYZER_NONNULL = YES;
				CLANG_ANALYZER_NUMBER_OBJECT_CONVERSION = YES_AGGRESSIVE;
				CLANG_CXX_LANGUAGE_STANDARD = "gnu++14";
				CLANG_CXX_LIBRARY = "libc++";
				CLANG_ENABLE_MODULES = YES;
				CLANG_ENABLE_OBJC_ARC = YES;
				CLANG_ENABLE_OBJC_WEAK = YES;
				CLANG_WARN_BLOCK_CAPTURE_AUTORELEASING = YES;
				CLANG_WARN_BOOL_CONVERSION = YES;
				CLANG_WARN_COMMA = YES;
				CLANG_WARN_CONSTANT_CONVERSION = YES;
				CLANG_WARN_DEPRECATED_OBJC_IMPLEMENTATIONS = YES;
				CLANG_WARN_DIRECT_OBJC_ISA_USAGE = YES_ERROR;
				CLANG_WARN_DOCUMENTATION_COMMENTS = YES;
				CLANG_WARN_EMPTY_BODY = YES;
				CLANG_WARN_ENUM_CONVERSION = YES;
				CLANG_WARN_INFINITE_RECURSION = YES;
				CLANG_WARN_INT_CONVERSION = YES;
				CLANG_WARN_NON_LITERAL_NULL_CONVERSION = YES;
				CLANG_WARN_OBJC_IMPLICIT_RETAIN_SELF = YES;
				CLANG_WARN_OBJC_LITERAL_CONVERSION = YES;
				CLANG_WARN_OBJC_ROOT_CLASS = YES_ERROR;
				CLANG_WARN_RANGE_LOOP_ANALYSIS = YES;
				CLANG_WARN_STRICT_PROTOTYPES = YES;
				CLANG_WARN_SUSPICIOUS_MOVE = YES;
				CLANG_WARN_UNGUARDED_AVAILABILITY = YES_AGGRESSIVE;
				CLANG_WARN_UNREACHABLE_CODE = YES;
				CLANG_WARN__DUPLICATE_METHOD_MATCH = YES;
				CODE_SIGN_IDENTITY = "iPhone Developer";
				COPY_PHASE_STRIP = NO;
				DEBUG_INFORMATION_FORMAT = dwarf;
				ENABLE_STRICT_OBJC_MSGSEND = YES;
				ENABLE_TESTABILITY = YES;
				GCC_C_LANGUAGE_STANDARD = gnu11;
				GCC_DYNAMIC_NO_PIC = NO;
				GCC_NO_COMMON_BLOCKS = YES;
				GCC_OPTIMIZATION_LEVEL = 0;
				GCC_PREPROCESSOR_DEFINITIONS = (
					"DEBUG=1",
					"$(inherited)",
				);
				GCC_WARN_64_TO_32_BIT_CONVERSION = YES;
				GCC_WARN_ABOUT_RETURN_TYPE = YES_ERROR;
				GCC_WARN_UNDECLARED_SELECTOR = YES;
				GCC_WARN_UNINITIALIZED_AUTOS = YES_AGGRESSIVE;
				GCC_WARN_UNUSED_FUNCTION = YES;
				GCC_WARN_UNUSED_VARIABLE = YES;
				IPHONEOS_DEPLOYMENT_TARGET = 12.1;
				MTL_ENABLE_DEBUG_INFO = INCLUDE_SOURCE;
				MTL_FAST_MATH = YES;
				ONLY_ACTIVE_ARCH = YES;
				SDKROOT = iphoneos;
				SWIFT_ACTIVE_COMPILATION_CONDITIONS = DEBUG;
				SWIFT_OPTIMIZATION_LEVEL = "-Onone";
			};
			name = Debug;
		};
		AAE887D82226A8E4002638B4 /* Release */ = {
			isa = XCBuildConfiguration;
			buildSettings = {
				ALWAYS_SEARCH_USER_PATHS = NO;
				CLANG_ANALYZER_NONNULL = YES;
				CLANG_ANALYZER_NUMBER_OBJECT_CONVERSION = YES_AGGRESSIVE;
				CLANG_CXX_LANGUAGE_STANDARD = "gnu++14";
				CLANG_CXX_LIBRARY = "libc++";
				CLANG_ENABLE_MODULES = YES;
				CLANG_ENABLE_OBJC_ARC = YES;
				CLANG_ENABLE_OBJC_WEAK = YES;
				CLANG_WARN_BLOCK_CAPTURE_AUTORELEASING = YES;
				CLANG_WARN_BOOL_CONVERSION = YES;
				CLANG_WARN_COMMA = YES;
				CLANG_WARN_CONSTANT_CONVERSION = YES;
				CLANG_WARN_DEPRECATED_OBJC_IMPLEMENTATIONS = YES;
				CLANG_WARN_DIRECT_OBJC_ISA_USAGE = YES_ERROR;
				CLANG_WARN_DOCUMENTATION_COMMENTS = YES;
				CLANG_WARN_EMPTY_BODY = YES;
				CLANG_WARN_ENUM_CONVERSION = YES;
				CLANG_WARN_INFINITE_RECURSION = YES;
				CLANG_WARN_INT_CONVERSION = YES;
				CLANG_WARN_NON_LITERAL_NULL_CONVERSION = YES;
				CLANG_WARN_OBJC_IMPLICIT_RETAIN_SELF = YES;
				CLANG_WARN_OBJC_LITERAL_CONVERSION = YES;
				CLANG_WARN_OBJC_ROOT_CLASS = YES_ERROR;
				CLANG_WARN_RANGE_LOOP_ANALYSIS = YES;
				CLANG_WARN_STRICT_PROTOTYPES = YES;
				CLANG_WARN_SUSPICIOUS_MOVE = YES;
				CLANG_WARN_UNGUARDED_AVAILABILITY = YES_AGGRESSIVE;
				CLANG_WARN_UNREACHABLE_CODE = YES;
				CLANG_WARN__DUPLICATE_METHOD_MATCH = YES;
				CODE_SIGN_IDENTITY = "iPhone Developer";
				COPY_PHASE_STRIP = NO;
				DEBUG_INFORMATION_FORMAT = "dwarf-with-dsym";
				ENABLE_NS_ASSERTIONS = NO;
				ENABLE_STRICT_OBJC_MSGSEND = YES;
				GCC_C_LANGUAGE_STANDARD = gnu11;
				GCC_NO_COMMON_BLOCKS = YES;
				GCC_WARN_64_TO_32_BIT_CONVERSION = YES;
				GCC_WARN_ABOUT_RETURN_TYPE = YES_ERROR;
				GCC_WARN_UNDECLARED_SELECTOR = YES;
				GCC_WARN_UNINITIALIZED_AUTOS = YES_AGGRESSIVE;
				GCC_WARN_UNUSED_FUNCTION = YES;
				GCC_WARN_UNUSED_VARIABLE = YES;
				IPHONEOS_DEPLOYMENT_TARGET = 12.1;
				MTL_ENABLE_DEBUG_INFO = NO;
				MTL_FAST_MATH = YES;
				SDKROOT = iphoneos;
				SWIFT_COMPILATION_MODE = wholemodule;
				SWIFT_OPTIMIZATION_LEVEL = "-O";
				VALIDATE_PRODUCT = YES;
			};
			name = Release;
		};
		AAE887DA2226A8E4002638B4 /* Debug */ = {
			isa = XCBuildConfiguration;
			buildSettings = {
				ASSETCATALOG_COMPILER_APPICON_NAME = AppIcon;
				CODE_SIGN_STYLE = Automatic;
				DEVELOPMENT_TEAM = Y9JMU9J6KM;
				INFOPLIST_FILE = WebBrowsery/Info.plist;
				LD_RUNPATH_SEARCH_PATHS = (
					"$(inherited)",
					"@executable_path/Frameworks",
				);
				PRODUCT_BUNDLE_IDENTIFIER = com.swiftovac.com.WebBrowsery;
				PRODUCT_NAME = "$(TARGET_NAME)";
				SWIFT_VERSION = 4.2;
				TARGETED_DEVICE_FAMILY = "1,2";
			};
			name = Debug;
		};
		AAE887DB2226A8E4002638B4 /* Release */ = {
			isa = XCBuildConfiguration;
			buildSettings = {
				ASSETCATALOG_COMPILER_APPICON_NAME = AppIcon;
				CODE_SIGN_STYLE = Automatic;
				DEVELOPMENT_TEAM = Y9JMU9J6KM;
				INFOPLIST_FILE = WebBrowsery/Info.plist;
				LD_RUNPATH_SEARCH_PATHS = (
					"$(inherited)",
					"@executable_path/Frameworks",
				);
				PRODUCT_BUNDLE_IDENTIFIER = com.swiftovac.com.WebBrowsery;
				PRODUCT_NAME = "$(TARGET_NAME)";
				SWIFT_VERSION = 4.2;
				TARGETED_DEVICE_FAMILY = "1,2";
			};
			name = Release;
		};
/* End XCBuildConfiguration section */

/* Begin XCConfigurationList section */
		AAE887C22226A8E2002638B4 /* Build configuration list for PBXProject "WebBrowsery" */ = {
			isa = XCConfigurationList;
			buildConfigurations = (
				AAE887D72226A8E4002638B4 /* Debug */,
				AAE887D82226A8E4002638B4 /* Release */,
			);
			defaultConfigurationIsVisible = 0;
			defaultConfigurationName = Release;
		};
		AAE887D92226A8E4002638B4 /* Build configuration list for PBXNativeTarget "WebBrowsery" */ = {
			isa = XCConfigurationList;
			buildConfigurations = (
				AAE887DA2226A8E4002638B4 /* Debug */,
				AAE887DB2226A8E4002638B4 /* Release */,
			);
			defaultConfigurationIsVisible = 0;
			defaultConfigurationName = Release;
		};
/* End XCConfigurationList section */
	};
	rootObject = AAE887BF2226A8E2002638B4 /* Project object */;
}
